lockfileVersion: '6.0'

settings:
  autoInstallPeers: true
  excludeLinksFromLockfile: false

dependencies:
  lodash:
    specifier: ^4.17.21
    version: 4.17.21
  lodash.add:
    specifier: ^3.7.0
    version: 3.7.0

packages:

  /lodash.add@3.7.0:
    resolution: {integrity: sha512-/uxUZkB6vYiPoGSXADJJE+Ee4W2vU+bxZOFdvJdx+mDgv+qyAO76sWD84Q4FxsMgTjC1+gVFC9YNhdG243QRDw==}
    dev: false

  /lodash@4.17.21:
    resolution: {integrity: sha512-v2kDEe57lecTulaDIuNTPy3Ry4gLGJ6Z1O3vE1krgXZNrsQ+LFTGHVxVjcXPs17LhbZVGedAJv8XZ1tvj5FvSg==}
    dev: false
