{
  "name": "jsrdemo",
  "version": "0.0.1",
  "lockfileVersion": 3,
  "requires": true,
  "packages": {
    "": {
      "name": "jsrdemo",
      "version": "0.0.1",
      "license": "ISC",
      "dependencies": {
        "@luca/cases": "npm:@jsr/luca__cases@^1.0.0",
        "@wen/utils": "npm:@jsr/wen__utils@^0.0.9"
      }
    },
    "node_modules/@luca/cases": {
      "name": "@jsr/luca__cases",
      "version": "1.0.0",
      "resolved": "https://npm.jsr.io/~/7/@jsr/luca__cases/1.0.0.tgz",
      "integrity": "sha512-/+zkiB0NR7beOYyTs+BjDY8NtaIcZw6fOnHjw0a6Jp0l7HhhPfe0qjDDBG9wmNdNv2DioarE4R/0bvUuCLr1fg=="
    },
    "node_modules/@wen/utils": {
      "name": "@jsr/wen__utils",
      "version": "0.0.9",
      "resolved": "https://npm.jsr.io/~/7/@jsr/wen__utils/0.0.9.tgz",
      "integrity": "sha512-PWeU+tlasHjq7UgeCY4DhPgwbWlziUmDbY6SvMS4p3uoEnrWO3dXfq8z70LGiw1l0pDdcZRrUK1rMuA02f0/ZA==",
      "dependencies": {
        "lodash": "^4.17.21"
      }
    },
    "node_modules/lodash": {
      "version": "4.17.21",
      "resolved": "https://npmjs.addcn.com/lodash/-/lodash-4.17.21.tgz",
      "integrity": "sha512-v2kDEe57lecTulaDIuNTPy3Ry4gLGJ6Z1O3vE1krgXZNrsQ+LFTGHVxVjcXPs17LhbZVGedAJv8XZ1tvj5FvSg=="
    }
  }
}
