lockfileVersion: '6.0'

settings:
  autoInstallPeers: true
  excludeLinksFromLockfile: false

dependencies:
  '@luca/cases':
    specifier: npm:@jsr/luca__cases@^1.0.0
    version: /@jsr/luca__cases@1.0.0
  '@wen/test-utils':
    specifier: npm:@jsr/wen__test-utils@^0.0.3
    version: /@jsr/wen__test-utils@0.0.3
  '@wen/utils':
    specifier: npm:@jsr/wen__utils@^0.0.1
    version: /@jsr/wen__utils@0.0.1
  poli-utils:
    specifier: ^0.0.10
    version: 0.0.10

packages:

  /@jsr/luca__cases@1.0.0:
    resolution: {integrity: sha512-/+zkiB0NR7beOYyTs+BjDY8NtaIcZw6fOnHjw0a6Jp0l7HhhPfe0qjDDBG9wmNdNv2DioarE4R/0bvUuCLr1fg==, tarball: https://npm.jsr.io/~/7/@jsr/luca__cases/1.0.0.tgz}
    dev: false

  /@jsr/wen__test-utils@0.0.3:
    resolution: {integrity: sha512-y/l4l2ZYnR71WxYsWH95R3UpLfan25bPobYsvrrE0isuCyu5DCxhKq00GADvDonOLGyZMmDTnt8O2jz/6tS8+w==, tarball: https://npm.jsr.io/~/7/@jsr/wen__test-utils/0.0.3.tgz}
    dev: false

  /@jsr/wen__utils@0.0.1:
    resolution: {integrity: sha512-Gsy+fg7qytRx9EyIpNb2wzVqVqIBtlNiqS/xJIlJsBeT8L7rRS1Alj/6LNc7RvbCNefkPWZIQGMXcfBbt4Raww==, tarball: https://npm.jsr.io/~/7/@jsr/wen__utils/0.0.1.tgz}
    dev: false

  /poli-utils@0.0.10:
    resolution: {integrity: sha512-pOJQ+hSCDJAt/jr5G6KdzK7vtLYfiyzPm5vZPKzv26AF/dbza8I5w0SryEVjv85ykDYpjA2cepPilQOcaru7gQ==}
    dev: false
